
Microsoft Visual Studio Solution File, Format Version 12.00
# Visual Studio 15
VisualStudioVersion = 15.0.27130.2036
MinimumVisualStudioVersion = 10.0.40219.1
Project("{FAE04EC0-301F-11D3-BF4B-00C04F79EFBC}") = "SEM1", "SEM1\SEM1.csproj", "{2A7DA971-5786-4743-B852-A4652CAAB6DA}"
EndProject
Project("{FAE04EC0-301F-11D3-BF4B-00C04F79EFBC}") = "EdgeTests", "EdgeTests\EdgeTests.csproj", "{87615A9B-4FFB-4A2A-8E81-F213BAEC7E15}"
EndProject
Global
	GlobalSection(SolutionConfigurationPlatforms) = preSolution
		Debug|Any CPU = Debug|Any CPU
		Release|Any CPU = Release|Any CPU
	EndGlobalSection
	GlobalSection(ProjectConfigurationPlatforms) = postSolution
		{2A7DA971-5786-4743-B852-A4652CAAB6DA}.Debug|Any CPU.ActiveCfg = Debug|Any CPU
		{2A7DA971-5786-4743-B852-A4652CAAB6DA}.Debug|Any CPU.Build.0 = Debug|Any CPU
		{2A7DA971-5786-4743-B852-A4652CAAB6DA}.Release|Any CPU.ActiveCfg = Release|Any CPU
		{2A7DA971-5786-4743-B852-A4652CAAB6DA}.Release|Any CPU.Build.0 = Release|Any CPU
		{87615A9B-4FFB-4A2A-8E81-F213BAEC7E15}.Debug|Any CPU.ActiveCfg = Debug|Any CPU
		{87615A9B-4FFB-4A2A-8E81-F213BAEC7E15}.Debug|Any CPU.Build.0 = Debug|Any CPU
		{87615A9B-4FFB-4A2A-8E81-F213BAEC7E15}.Release|Any CPU.ActiveCfg = Release|Any CPU
		{87615A9B-4FFB-4A2A-8E81-F213BAEC7E15}.Release|Any CPU.Build.0 = Release|Any CPU
	EndGlobalSection
	GlobalSection(SolutionProperties) = preSolution
		HideSolutionNode = FALSE
	EndGlobalSection
	GlobalSection(ExtensibilityGlobals) = postSolution
		SolutionGuid = {8849E9CE-D074-4FD5-AAB6-BDC7845F09FF}
	EndGlobalSection
EndGlobal
